// !$*UTF8*$!
{
	archiveVersion = 1;
	classes = {
	};
	objectVersion = 50;
	objects = {

/* Begin PBXBuildFile section */
		4A73D5D5414858AC37CCBB21 /* Pods_actio.framework in Frameworks */ = {isa = PBXBuildFile; fileRef = B9BDACAB9DD3A156AE200FD3 /* Pods_actio.framework */; };
		72035A212096B06B0088E976 /* ActivityCollectionViewController.swift in Sources */ = {isa = PBXBuildFile; fileRef = 72035A202096B06B0088E976 /* ActivityCollectionViewController.swift */; };
		72365EF32086E13900413444 /* AppDelegate.swift in Sources */ = {isa = PBXBuildFile; fileRef = 72365EF22086E13900413444 /* AppDelegate.swift */; };
		72365EF52086E13900413444 /* ViewController.swift in Sources */ = {isa = PBXBuildFile; fileRef = 72365EF42086E13900413444 /* ViewController.swift */; };
		72365EF82086E13900413444 /* Main.storyboard in Resources */ = {isa = PBXBuildFile; fileRef = 72365EF62086E13900413444 /* Main.storyboard */; };
		72365EFA2086E13A00413444 /* Assets.xcassets in Resources */ = {isa = PBXBuildFile; fileRef = 72365EF92086E13A00413444 /* Assets.xcassets */; };
		72365EFD2086E13A00413444 /* LaunchScreen.storyboard in Resources */ = {isa = PBXBuildFile; fileRef = 72365EFB2086E13A00413444 /* LaunchScreen.storyboard */; };
		72365F082086E13A00413444 /* actioTests.swift in Sources */ = {isa = PBXBuildFile; fileRef = 72365F072086E13A00413444 /* actioTests.swift */; };
		72ACA90820899CC0003D35D9 /* GoogleService-Info.plist in Resources */ = {isa = PBXBuildFile; fileRef = 72ACA90720899CC0003D35D9 /* GoogleService-Info.plist */; };
		72EF6B26208BF410007CD9CD /* Yantramanav-Bold.ttf in Resources */ = {isa = PBXBuildFile; fileRef = 72EF6B20208BF410007CD9CD /* Yantramanav-Bold.ttf */; };
		72EF6B27208BF410007CD9CD /* Yantramanav-Light.ttf in Resources */ = {isa = PBXBuildFile; fileRef = 72EF6B21208BF410007CD9CD /* Yantramanav-Light.ttf */; };
		72EF6B28208BF410007CD9CD /* Yantramanav-Medium.ttf in Resources */ = {isa = PBXBuildFile; fileRef = 72EF6B22208BF410007CD9CD /* Yantramanav-Medium.ttf */; };
		72EF6B29208BF410007CD9CD /* Yantramanav-Black.ttf in Resources */ = {isa = PBXBuildFile; fileRef = 72EF6B23208BF410007CD9CD /* Yantramanav-Black.ttf */; };
		72EF6B2A208BF410007CD9CD /* Yantramanav-Regular.ttf in Resources */ = {isa = PBXBuildFile; fileRef = 72EF6B24208BF410007CD9CD /* Yantramanav-Regular.ttf */; };
		72EF6B2B208BF410007CD9CD /* Yantramanav-Thin.ttf in Resources */ = {isa = PBXBuildFile; fileRef = 72EF6B25208BF410007CD9CD /* Yantramanav-Thin.ttf */; };
		72EF6B5020969A18007CD9CD /* SignInViewController.swift in Sources */ = {isa = PBXBuildFile; fileRef = 72EF6B4D20969A17007CD9CD /* SignInViewController.swift */; };
		72EF6B5120969A18007CD9CD /* ForgotPasswordViewController.swift in Sources */ = {isa = PBXBuildFile; fileRef = 72EF6B4E20969A17007CD9CD /* ForgotPasswordViewController.swift */; };
		72EF6B5220969A18007CD9CD /* SignUpViewController.swift in Sources */ = {isa = PBXBuildFile; fileRef = 72EF6B4F20969A17007CD9CD /* SignUpViewController.swift */; };
		72EF6B5420969FC1007CD9CD /* actio_mockups.pdf in Resources */ = {isa = PBXBuildFile; fileRef = 72EF6B5320969FC1007CD9CD /* actio_mockups.pdf */; };
		81F768158BA5B247DECAC43C /* Pods_actioTests.framework in Frameworks */ = {isa = PBXBuildFile; fileRef = 276C898B4567DCB4E4A3FFEB /* Pods_actioTests.framework */; };
/* End PBXBuildFile section */

/* Begin PBXContainerItemProxy section */
		72365F042086E13A00413444 /* PBXContainerItemProxy */ = {
			isa = PBXContainerItemProxy;
			containerPortal = 72365EE72086E13900413444 /* Project object */;
			proxyType = 1;
			remoteGlobalIDString = 72365EEE2086E13900413444;
			remoteInfo = actio;
		};
/* End PBXContainerItemProxy section */

/* Begin PBXFileReference section */
		276C898B4567DCB4E4A3FFEB /* Pods_actioTests.framework */ = {isa = PBXFileReference; explicitFileType = wrapper.framework; includeInIndex = 0; path = Pods_actioTests.framework; sourceTree = BUILT_PRODUCTS_DIR; };
		72035A202096B06B0088E976 /* ActivityCollectionViewController.swift */ = {isa = PBXFileReference; lastKnownFileType = sourcecode.swift; path = ActivityCollectionViewController.swift; sourceTree = "<group>"; };
		72365EEF2086E13900413444 /* actio.app */ = {isa = PBXFileReference; explicitFileType = wrapper.application; includeInIndex = 0; path = actio.app; sourceTree = BUILT_PRODUCTS_DIR; };
		72365EF22086E13900413444 /* AppDelegate.swift */ = {isa = PBXFileReference; lastKnownFileType = sourcecode.swift; path = AppDelegate.swift; sourceTree = "<group>"; };
		72365EF42086E13900413444 /* ViewController.swift */ = {isa = PBXFileReference; lastKnownFileType = sourcecode.swift; path = ViewController.swift; sourceTree = "<group>"; };
		72365EF72086E13900413444 /* Base */ = {isa = PBXFileReference; lastKnownFileType = file.storyboard; name = Base; path = Base.lproj/Main.storyboard; sourceTree = "<group>"; };
		72365EF92086E13A00413444 /* Assets.xcassets */ = {isa = PBXFileReference; lastKnownFileType = folder.assetcatalog; path = Assets.xcassets; sourceTree = "<group>"; };
		72365EFC2086E13A00413444 /* Base */ = {isa = PBXFileReference; lastKnownFileType = file.storyboard; name = Base; path = Base.lproj/LaunchScreen.storyboard; sourceTree = "<group>"; };
		72365EFE2086E13A00413444 /* Info.plist */ = {isa = PBXFileReference; lastKnownFileType = text.plist.xml; path = Info.plist; sourceTree = "<group>"; };
		72365F032086E13A00413444 /* actioTests.xctest */ = {isa = PBXFileReference; explicitFileType = wrapper.cfbundle; includeInIndex = 0; path = actioTests.xctest; sourceTree = BUILT_PRODUCTS_DIR; };
		72365F072086E13A00413444 /* actioTests.swift */ = {isa = PBXFileReference; lastKnownFileType = sourcecode.swift; path = actioTests.swift; sourceTree = "<group>"; };
		72365F092086E13A00413444 /* Info.plist */ = {isa = PBXFileReference; lastKnownFileType = text.plist.xml; path = Info.plist; sourceTree = "<group>"; };
		72ACA90720899CC0003D35D9 /* GoogleService-Info.plist */ = {isa = PBXFileReference; fileEncoding = 4; lastKnownFileType = text.plist.xml; name = "GoogleService-Info.plist"; path = "../../../../Downloads/GoogleService-Info.plist"; sourceTree = "<group>"; };
		72EF6B20208BF410007CD9CD /* Yantramanav-Bold.ttf */ = {isa = PBXFileReference; lastKnownFileType = file; path = "Yantramanav-Bold.ttf"; sourceTree = "<group>"; };
		72EF6B21208BF410007CD9CD /* Yantramanav-Light.ttf */ = {isa = PBXFileReference; lastKnownFileType = file; path = "Yantramanav-Light.ttf"; sourceTree = "<group>"; };
		72EF6B22208BF410007CD9CD /* Yantramanav-Medium.ttf */ = {isa = PBXFileReference; lastKnownFileType = file; path = "Yantramanav-Medium.ttf"; sourceTree = "<group>"; };
		72EF6B23208BF410007CD9CD /* Yantramanav-Black.ttf */ = {isa = PBXFileReference; lastKnownFileType = file; path = "Yantramanav-Black.ttf"; sourceTree = "<group>"; };
		72EF6B24208BF410007CD9CD /* Yantramanav-Regular.ttf */ = {isa = PBXFileReference; lastKnownFileType = file; path = "Yantramanav-Regular.ttf"; sourceTree = "<group>"; };
		72EF6B25208BF410007CD9CD /* Yantramanav-Thin.ttf */ = {isa = PBXFileReference; lastKnownFileType = file; path = "Yantramanav-Thin.ttf"; sourceTree = "<group>"; };
		72EF6B4D20969A17007CD9CD /* SignInViewController.swift */ = {isa = PBXFileReference; fileEncoding = 4; lastKnownFileType = sourcecode.swift; path = SignInViewController.swift; sourceTree = "<group>"; };
		72EF6B4E20969A17007CD9CD /* ForgotPasswordViewController.swift */ = {isa = PBXFileReference; fileEncoding = 4; lastKnownFileType = sourcecode.swift; path = ForgotPasswordViewController.swift; sourceTree = "<group>"; };
		72EF6B4F20969A17007CD9CD /* SignUpViewController.swift */ = {isa = PBXFileReference; fileEncoding = 4; lastKnownFileType = sourcecode.swift; path = SignUpViewController.swift; sourceTree = "<group>"; };
		72EF6B5320969FC1007CD9CD /* actio_mockups.pdf */ = {isa = PBXFileReference; lastKnownFileType = image.pdf; path = actio_mockups.pdf; sourceTree = "<group>"; };
		B9BDACAB9DD3A156AE200FD3 /* Pods_actio.framework */ = {isa = PBXFileReference; explicitFileType = wrapper.framework; includeInIndex = 0; path = Pods_actio.framework; sourceTree = BUILT_PRODUCTS_DIR; };
		C35006963BBF370D661E1468 /* Pods-actioTests.release.xcconfig */ = {isa = PBXFileReference; includeInIndex = 1; lastKnownFileType = text.xcconfig; name = "Pods-actioTests.release.xcconfig"; path = "Pods/Target Support Files/Pods-actioTests/Pods-actioTests.release.xcconfig"; sourceTree = "<group>"; };
		D086CEAB8182912682A35555 /* Pods-actio.release.xcconfig */ = {isa = PBXFileReference; includeInIndex = 1; lastKnownFileType = text.xcconfig; name = "Pods-actio.release.xcconfig"; path = "Pods/Target Support Files/Pods-actio/Pods-actio.release.xcconfig"; sourceTree = "<group>"; };
		EA7DFB23336BDDED266260A7 /* Pods-actioTests.debug.xcconfig */ = {isa = PBXFileReference; includeInIndex = 1; lastKnownFileType = text.xcconfig; name = "Pods-actioTests.debug.xcconfig"; path = "Pods/Target Support Files/Pods-actioTests/Pods-actioTests.debug.xcconfig"; sourceTree = "<group>"; };
		FB5E2AD197DED0FB8F50B5D6 /* Pods-actio.debug.xcconfig */ = {isa = PBXFileReference; includeInIndex = 1; lastKnownFileType = text.xcconfig; name = "Pods-actio.debug.xcconfig"; path = "Pods/Target Support Files/Pods-actio/Pods-actio.debug.xcconfig"; sourceTree = "<group>"; };
/* End PBXFileReference section */

/* Begin PBXFrameworksBuildPhase section */
		72365EEC2086E13900413444 /* Frameworks */ = {
			isa = PBXFrameworksBuildPhase;
			buildActionMask = 2147483647;
			files = (
				4A73D5D5414858AC37CCBB21 /* Pods_actio.framework in Frameworks */,
			);
			runOnlyForDeploymentPostprocessing = 0;
		};
		72365F002086E13A00413444 /* Frameworks */ = {
			isa = PBXFrameworksBuildPhase;
			buildActionMask = 2147483647;
			files = (
				81F768158BA5B247DECAC43C /* Pods_actioTests.framework in Frameworks */,
			);
			runOnlyForDeploymentPostprocessing = 0;
		};
/* End PBXFrameworksBuildPhase section */

/* Begin PBXGroup section */
		2187E81085F4716E3C137B21 /* Frameworks */ = {
			isa = PBXGroup;
			children = (
				B9BDACAB9DD3A156AE200FD3 /* Pods_actio.framework */,
				276C898B4567DCB4E4A3FFEB /* Pods_actioTests.framework */,
			);
			name = Frameworks;
			sourceTree = "<group>";
		};
		72365EE62086E13900413444 = {
			isa = PBXGroup;
			children = (
				72365EF12086E13900413444 /* actio */,
				72365F062086E13A00413444 /* actioTests */,
				72365EF02086E13900413444 /* Products */,
				8E2C261C5CC7BBC29C92527E /* Pods */,
				2187E81085F4716E3C137B21 /* Frameworks */,
			);
			sourceTree = "<group>";
		};
		72365EF02086E13900413444 /* Products */ = {
			isa = PBXGroup;
			children = (
				72365EEF2086E13900413444 /* actio.app */,
				72365F032086E13A00413444 /* actioTests.xctest */,
			);
			name = Products;
			sourceTree = "<group>";
		};
		72365EF12086E13900413444 /* actio */ = {
			isa = PBXGroup;
			children = (
				72ACA906208989BD003D35D9 /* Resources */,
				72ACA905208989AE003D35D9 /* Views */,
				72ACA9042089899B003D35D9 /* Controllers */,
				72365EF22086E13900413444 /* AppDelegate.swift */,
				72365EF42086E13900413444 /* ViewController.swift */,
				72365EF62086E13900413444 /* Main.storyboard */,
				72365EF92086E13A00413444 /* Assets.xcassets */,
				72EF6B5320969FC1007CD9CD /* actio_mockups.pdf */,
				72365EFB2086E13A00413444 /* LaunchScreen.storyboard */,
				72ACA90720899CC0003D35D9 /* GoogleService-Info.plist */,
				72365EFE2086E13A00413444 /* Info.plist */,
			);
			path = actio;
			sourceTree = "<group>";
		};
		72365F062086E13A00413444 /* actioTests */ = {
			isa = PBXGroup;
			children = (
				72365F072086E13A00413444 /* actioTests.swift */,
				72365F092086E13A00413444 /* Info.plist */,
			);
			path = actioTests;
			sourceTree = "<group>";
		};
		72ACA9042089899B003D35D9 /* Controllers */ = {
			isa = PBXGroup;
			children = (
			);
			path = Controllers;
			sourceTree = "<group>";
		};
		72ACA905208989AE003D35D9 /* Views */ = {
			isa = PBXGroup;
			children = (
				72EF6B4E20969A17007CD9CD /* ForgotPasswordViewController.swift */,
				72EF6B4D20969A17007CD9CD /* SignInViewController.swift */,
				72EF6B4F20969A17007CD9CD /* SignUpViewController.swift */,
				72035A202096B06B0088E976 /* ActivityCollectionViewController.swift */,
			);
			path = Views;
			sourceTree = "<group>";
		};
		72ACA906208989BD003D35D9 /* Resources */ = {
			isa = PBXGroup;
			children = (
				72EF6B1F208BF3F7007CD9CD /* Fonts */,
			);
			path = Resources;
			sourceTree = "<group>";
		};
		72EF6B1F208BF3F7007CD9CD /* Fonts */ = {
			isa = PBXGroup;
			children = (
				72EF6B23208BF410007CD9CD /* Yantramanav-Black.ttf */,
				72EF6B20208BF410007CD9CD /* Yantramanav-Bold.ttf */,
				72EF6B21208BF410007CD9CD /* Yantramanav-Light.ttf */,
				72EF6B22208BF410007CD9CD /* Yantramanav-Medium.ttf */,
				72EF6B24208BF410007CD9CD /* Yantramanav-Regular.ttf */,
				72EF6B25208BF410007CD9CD /* Yantramanav-Thin.ttf */,
			);
			path = Fonts;
			sourceTree = "<group>";
		};
		8E2C261C5CC7BBC29C92527E /* Pods */ = {
			isa = PBXGroup;
			children = (
				FB5E2AD197DED0FB8F50B5D6 /* Pods-actio.debug.xcconfig */,
				D086CEAB8182912682A35555 /* Pods-actio.release.xcconfig */,
				EA7DFB23336BDDED266260A7 /* Pods-actioTests.debug.xcconfig */,
				C35006963BBF370D661E1468 /* Pods-actioTests.release.xcconfig */,
			);
			name = Pods;
			sourceTree = "<group>";
		};
/* End PBXGroup section */

/* Begin PBXNativeTarget section */
		72365EEE2086E13900413444 /* actio */ = {
			isa = PBXNativeTarget;
			buildConfigurationList = 72365F0C2086E13A00413444 /* Build configuration list for PBXNativeTarget "actio" */;
			buildPhases = (
				74A7F1F3F1CDBE34D73AD4B1 /* [CP] Check Pods Manifest.lock */,
				72365EEB2086E13900413444 /* Sources */,
				72365EEC2086E13900413444 /* Frameworks */,
				72365EED2086E13900413444 /* Resources */,
				CF06BA41C0FC60C30622B0E2 /* [CP] Embed Pods Frameworks */,
				9D16BC923770B62CD763C448 /* [CP] Copy Pods Resources */,
			);
			buildRules = (
			);
			dependencies = (
			);
			name = actio;
			productName = actio;
			productReference = 72365EEF2086E13900413444 /* actio.app */;
			productType = "com.apple.product-type.application";
		};
		72365F022086E13A00413444 /* actioTests */ = {
			isa = PBXNativeTarget;
			buildConfigurationList = 72365F0F2086E13A00413444 /* Build configuration list for PBXNativeTarget "actioTests" */;
			buildPhases = (
				D6D1B7D3E57678823AF45F21 /* [CP] Check Pods Manifest.lock */,
				72365EFF2086E13A00413444 /* Sources */,
				72365F002086E13A00413444 /* Frameworks */,
				72365F012086E13A00413444 /* Resources */,
			);
			buildRules = (
			);
			dependencies = (
				72365F052086E13A00413444 /* PBXTargetDependency */,
			);
			name = actioTests;
			productName = actioTests;
			productReference = 72365F032086E13A00413444 /* actioTests.xctest */;
			productType = "com.apple.product-type.bundle.unit-test";
		};
/* End PBXNativeTarget section */

/* Begin PBXProject section */
		72365EE72086E13900413444 /* Project object */ = {
			isa = PBXProject;
			attributes = {
				LastSwiftUpdateCheck = 0930;
				LastUpgradeCheck = 0930;
				ORGANIZATIONNAME = "corvus group";
				TargetAttributes = {
					72365EEE2086E13900413444 = {
						CreatedOnToolsVersion = 9.3;
					};
					72365F022086E13A00413444 = {
						CreatedOnToolsVersion = 9.3;
						TestTargetID = 72365EEE2086E13900413444;
					};
				};
			};
			buildConfigurationList = 72365EEA2086E13900413444 /* Build configuration list for PBXProject "actio" */;
			compatibilityVersion = "Xcode 9.3";
			developmentRegion = en;
			hasScannedForEncodings = 0;
			knownRegions = (
				en,
				Base,
			);
			mainGroup = 72365EE62086E13900413444;
			productRefGroup = 72365EF02086E13900413444 /* Products */;
			projectDirPath = "";
			projectRoot = "";
			targets = (
				72365EEE2086E13900413444 /* actio */,
				72365F022086E13A00413444 /* actioTests */,
			);
		};
/* End PBXProject section */

/* Begin PBXResourcesBuildPhase section */
		72365EED2086E13900413444 /* Resources */ = {
			isa = PBXResourcesBuildPhase;
			buildActionMask = 2147483647;
			files = (
				72EF6B5420969FC1007CD9CD /* actio_mockups.pdf in Resources */,
				72EF6B28208BF410007CD9CD /* Yantramanav-Medium.ttf in Resources */,
				72EF6B27208BF410007CD9CD /* Yantramanav-Light.ttf in Resources */,
				72EF6B2A208BF410007CD9CD /* Yantramanav-Regular.ttf in Resources */,
				72365EFD2086E13A00413444 /* LaunchScreen.storyboard in Resources */,
				72EF6B2B208BF410007CD9CD /* Yantramanav-Thin.ttf in Resources */,
				72ACA90820899CC0003D35D9 /* GoogleService-Info.plist in Resources */,
				72365EFA2086E13A00413444 /* Assets.xcassets in Resources */,
				72EF6B29208BF410007CD9CD /* Yantramanav-Black.ttf in Resources */,
				72365EF82086E13900413444 /* Main.storyboard in Resources */,
				72EF6B26208BF410007CD9CD /* Yantramanav-Bold.ttf in Resources */,
			);
			runOnlyForDeploymentPostprocessing = 0;
		};
		72365F012086E13A00413444 /* Resources */ = {
			isa = PBXResourcesBuildPhase;
			buildActionMask = 2147483647;
			files = (
			);
			runOnlyForDeploymentPostprocessing = 0;
		};
/* End PBXResourcesBuildPhase section */

/* Begin PBXShellScriptBuildPhase section */
		74A7F1F3F1CDBE34D73AD4B1 /* [CP] Check Pods Manifest.lock */ = {
			isa = PBXShellScriptBuildPhase;
			buildActionMask = 2147483647;
			files = (
			);
			inputPaths = (
				"${PODS_PODFILE_DIR_PATH}/Podfile.lock",
				"${PODS_ROOT}/Manifest.lock",
			);
			name = "[CP] Check Pods Manifest.lock";
			outputPaths = (
				"$(DERIVED_FILE_DIR)/Pods-actio-checkManifestLockResult.txt",
			);
			runOnlyForDeploymentPostprocessing = 0;
			shellPath = /bin/sh;
			shellScript = "diff \"${PODS_PODFILE_DIR_PATH}/Podfile.lock\" \"${PODS_ROOT}/Manifest.lock\" > /dev/null\nif [ $? != 0 ] ; then\n    # print error to STDERR\n    echo \"error: The sandbox is not in sync with the Podfile.lock. Run 'pod install' or update your CocoaPods installation.\" >&2\n    exit 1\nfi\n# This output is used by Xcode 'outputs' to avoid re-running this script phase.\necho \"SUCCESS\" > \"${SCRIPT_OUTPUT_FILE_0}\"\n";
			showEnvVarsInLog = 0;
		};
		9D16BC923770B62CD763C448 /* [CP] Copy Pods Resources */ = {
			isa = PBXShellScriptBuildPhase;
			buildActionMask = 2147483647;
			files = (
			);
			inputPaths = (
				"${SRCROOT}/Pods/Target Support Files/Pods-actio/Pods-actio-resources.sh",
				"${PODS_ROOT}/GoogleSignIn/Resources/GoogleSignIn.bundle",
			);
			name = "[CP] Copy Pods Resources";
			outputPaths = (
				"${TARGET_BUILD_DIR}/${UNLOCALIZED_RESOURCES_FOLDER_PATH}/GoogleSignIn.bundle",
			);
			runOnlyForDeploymentPostprocessing = 0;
			shellPath = /bin/sh;
			shellScript = "\"${SRCROOT}/Pods/Target Support Files/Pods-actio/Pods-actio-resources.sh\"\n";
			showEnvVarsInLog = 0;
		};
		CF06BA41C0FC60C30622B0E2 /* [CP] Embed Pods Frameworks */ = {
			isa = PBXShellScriptBuildPhase;
			buildActionMask = 2147483647;
			files = (
			);
			inputPaths = (
				"${SRCROOT}/Pods/Target Support Files/Pods-actio/Pods-actio-frameworks.sh",
				"${BUILT_PRODUCTS_DIR}/Bolts/Bolts.framework",
				"${BUILT_PRODUCTS_DIR}/FBSDKCoreKit/FBSDKCoreKit.framework",
				"${BUILT_PRODUCTS_DIR}/FBSDKLoginKit/FBSDKLoginKit.framework",
				"${BUILT_PRODUCTS_DIR}/FacebookCore/FacebookCore.framework",
				"${BUILT_PRODUCTS_DIR}/FacebookLogin/FacebookLogin.framework",
				"${BUILT_PRODUCTS_DIR}/GTMOAuth2/GTMOAuth2.framework",
				"${BUILT_PRODUCTS_DIR}/GTMSessionFetcher/GTMSessionFetcher.framework",
				"${BUILT_PRODUCTS_DIR}/GoogleToolboxForMac/GoogleToolboxForMac.framework",
				"${BUILT_PRODUCTS_DIR}/nanopb/nanopb.framework",
			);
			name = "[CP] Embed Pods Frameworks";
			outputPaths = (
				"${TARGET_BUILD_DIR}/${FRAMEWORKS_FOLDER_PATH}/Bolts.framework",
				"${TARGET_BUILD_DIR}/${FRAMEWORKS_FOLDER_PATH}/FBSDKCoreKit.framework",
				"${TARGET_BUILD_DIR}/${FRAMEWORKS_FOLDER_PATH}/FBSDKLoginKit.framework",
				"${TARGET_BUILD_DIR}/${FRAMEWORKS_FOLDER_PATH}/FacebookCore.framework",
				"${TARGET_BUILD_DIR}/${FRAMEWORKS_FOLDER_PATH}/FacebookLogin.framework",
				"${TARGET_BUILD_DIR}/${FRAMEWORKS_FOLDER_PATH}/GTMOAuth2.framework",
				"${TARGET_BUILD_DIR}/${FRAMEWORKS_FOLDER_PATH}/GTMSessionFetcher.framework",
				"${TARGET_BUILD_DIR}/${FRAMEWORKS_FOLDER_PATH}/GoogleToolboxForMac.framework",
				"${TARGET_BUILD_DIR}/${FRAMEWORKS_FOLDER_PATH}/nanopb.framework",
			);
			runOnlyForDeploymentPostprocessing = 0;
			shellPath = /bin/sh;
			shellScript = "\"${SRCROOT}/Pods/Target Support Files/Pods-actio/Pods-actio-frameworks.sh\"\n";
			showEnvVarsInLog = 0;
		};
		D6D1B7D3E57678823AF45F21 /* [CP] Check Pods Manifest.lock */ = {
			isa = PBXShellScriptBuildPhase;
			buildActionMask = 2147483647;
			files = (
			);
			inputPaths = (
				"${PODS_PODFILE_DIR_PATH}/Podfile.lock",
				"${PODS_ROOT}/Manifest.lock",
			);
			name = "[CP] Check Pods Manifest.lock";
			outputPaths = (
				"$(DERIVED_FILE_DIR)/Pods-actioTests-checkManifestLockResult.txt",
			);
			runOnlyForDeploymentPostprocessing = 0;
			shellPath = /bin/sh;
			shellScript = "diff \"${PODS_PODFILE_DIR_PATH}/Podfile.lock\" \"${PODS_ROOT}/Manifest.lock\" > /dev/null\nif [ $? != 0 ] ; then\n    # print error to STDERR\n    echo \"error: The sandbox is not in sync with the Podfile.lock. Run 'pod install' or update your CocoaPods installation.\" >&2\n    exit 1\nfi\n# This output is used by Xcode 'outputs' to avoid re-running this script phase.\necho \"SUCCESS\" > \"${SCRIPT_OUTPUT_FILE_0}\"\n";
			showEnvVarsInLog = 0;
		};
/* End PBXShellScriptBuildPhase section */

/* Begin PBXSourcesBuildPhase section */
		72365EEB2086E13900413444 /* Sources */ = {
			isa = PBXSourcesBuildPhase;
			buildActionMask = 2147483647;
			files = (
				72EF6B5120969A18007CD9CD /* ForgotPasswordViewController.swift in Sources */,
				72365EF52086E13900413444 /* ViewController.swift in Sources */,
				72365EF32086E13900413444 /* AppDelegate.swift in Sources */,
				72EF6B5020969A18007CD9CD /* SignInViewController.swift in Sources */,
				72EF6B5220969A18007CD9CD /* SignUpViewController.swift in Sources */,
				72035A212096B06B0088E976 /* ActivityCollectionViewController.swift in Sources */,
			);
			runOnlyForDeploymentPostprocessing = 0;
		};
		72365EFF2086E13A00413444 /* Sources */ = {
			isa = PBXSourcesBuildPhase;
			buildActionMask = 2147483647;
			files = (
				72365F082086E13A00413444 /* actioTests.swift in Sources */,
			);
			runOnlyForDeploymentPostprocessing = 0;
		};
/* End PBXSourcesBuildPhase section */

/* Begin PBXTargetDependency section */
		72365F052086E13A00413444 /* PBXTargetDependency */ = {
			isa = PBXTargetDependency;
			target = 72365EEE2086E13900413444 /* actio */;
			targetProxy = 72365F042086E13A00413444 /* PBXContainerItemProxy */;
		};
/* End PBXTargetDependency section */

/* Begin PBXVariantGroup section */
		72365EF62086E13900413444 /* Main.storyboard */ = {
			isa = PBXVariantGroup;
			children = (
				72365EF72086E13900413444 /* Base */,
			);
			name = Main.storyboard;
			sourceTree = "<group>";
		};
		72365EFB2086E13A00413444 /* LaunchScreen.storyboard */ = {
			isa = PBXVariantGroup;
			children = (
				72365EFC2086E13A00413444 /* Base */,
			);
			name = LaunchScreen.storyboard;
			sourceTree = "<group>";
		};
/* End PBXVariantGroup section */

/* Begin XCBuildConfiguration section */
		72365F0A2086E13A00413444 /* Debug */ = {
			isa = XCBuildConfiguration;
			buildSettings = {
				ALWAYS_SEARCH_USER_PATHS = NO;
				CLANG_ANALYZER_NONNULL = YES;
				CLANG_ANALYZER_NUMBER_OBJECT_CONVERSION = YES_AGGRESSIVE;
				CLANG_CXX_LANGUAGE_STANDARD = "gnu++14";
				CLANG_CXX_LIBRARY = "libc++";
				CLANG_ENABLE_MODULES = YES;
				CLANG_ENABLE_OBJC_ARC = YES;
				CLANG_ENABLE_OBJC_WEAK = YES;
				CLANG_WARN_BLOCK_CAPTURE_AUTORELEASING = YES;
				CLANG_WARN_BOOL_CONVERSION = YES;
				CLANG_WARN_COMMA = YES;
				CLANG_WARN_CONSTANT_CONVERSION = YES;
				CLANG_WARN_DEPRECATED_OBJC_IMPLEMENTATIONS = YES;
				CLANG_WARN_DIRECT_OBJC_ISA_USAGE = YES_ERROR;
				CLANG_WARN_DOCUMENTATION_COMMENTS = YES;
				CLANG_WARN_EMPTY_BODY = YES;
				CLANG_WARN_ENUM_CONVERSION = YES;
				CLANG_WARN_INFINITE_RECURSION = YES;
				CLANG_WARN_INT_CONVERSION = YES;
				CLANG_WARN_NON_LITERAL_NULL_CONVERSION = YES;
				CLANG_WARN_OBJC_IMPLICIT_RETAIN_SELF = YES;
				CLANG_WARN_OBJC_LITERAL_CONVERSION = YES;
				CLANG_WARN_OBJC_ROOT_CLASS = YES_ERROR;
				CLANG_WARN_RANGE_LOOP_ANALYSIS = YES;
				CLANG_WARN_STRICT_PROTOTYPES = YES;
				CLANG_WARN_SUSPICIOUS_MOVE = YES;
				CLANG_WARN_UNGUARDED_AVAILABILITY = YES_AGGRESSIVE;
				CLANG_WARN_UNREACHABLE_CODE = YES;
				CLANG_WARN__DUPLICATE_METHOD_MATCH = YES;
				CODE_SIGN_IDENTITY = "iPhone Developer";
				COPY_PHASE_STRIP = NO;
				DEBUG_INFORMATION_FORMAT = dwarf;
				ENABLE_STRICT_OBJC_MSGSEND = YES;
				ENABLE_TESTABILITY = YES;
				GCC_C_LANGUAGE_STANDARD = gnu11;
				GCC_DYNAMIC_NO_PIC = NO;
				GCC_NO_COMMON_BLOCKS = YES;
				GCC_OPTIMIZATION_LEVEL = 0;
				GCC_PREPROCESSOR_DEFINITIONS = (
					"DEBUG=1",
					"$(inherited)",
				);
				GCC_WARN_64_TO_32_BIT_CONVERSION = YES;
				GCC_WARN_ABOUT_RETURN_TYPE = YES_ERROR;
				GCC_WARN_UNDECLARED_SELECTOR = YES;
				GCC_WARN_UNINITIALIZED_AUTOS = YES_AGGRESSIVE;
				GCC_WARN_UNUSED_FUNCTION = YES;
				GCC_WARN_UNUSED_VARIABLE = YES;
				IPHONEOS_DEPLOYMENT_TARGET = 11.3;
				MTL_ENABLE_DEBUG_INFO = YES;
				ONLY_ACTIVE_ARCH = YES;
				SDKROOT = iphoneos;
				SWIFT_ACTIVE_COMPILATION_CONDITIONS = DEBUG;
				SWIFT_OPTIMIZATION_LEVEL = "-Onone";
			};
			name = Debug;
		};
		72365F0B2086E13A00413444 /* Release */ = {
			isa = XCBuildConfiguration;
			buildSettings = {
				ALWAYS_SEARCH_USER_PATHS = NO;
				CLANG_ANALYZER_NONNULL = YES;
				CLANG_ANALYZER_NUMBER_OBJECT_CONVERSION = YES_AGGRESSIVE;
				CLANG_CXX_LANGUAGE_STANDARD = "gnu++14";
				CLANG_CXX_LIBRARY = "libc++";
				CLANG_ENABLE_MODULES = YES;
				CLANG_ENABLE_OBJC_ARC = YES;
				CLANG_ENABLE_OBJC_WEAK = YES;
				CLANG_WARN_BLOCK_CAPTURE_AUTORELEASING = YES;
				CLANG_WARN_BOOL_CONVERSION = YES;
				CLANG_WARN_COMMA = YES;
				CLANG_WARN_CONSTANT_CONVERSION = YES;
				CLANG_WARN_DEPRECATED_OBJC_IMPLEMENTATIONS = YES;
				CLANG_WARN_DIRECT_OBJC_ISA_USAGE = YES_ERROR;
				CLANG_WARN_DOCUMENTATION_COMMENTS = YES;
				CLANG_WARN_EMPTY_BODY = YES;
				CLANG_WARN_ENUM_CONVERSION = YES;
				CLANG_WARN_INFINITE_RECURSION = YES;
				CLANG_WARN_INT_CONVERSION = YES;
				CLANG_WARN_NON_LITERAL_NULL_CONVERSION = YES;
				CLANG_WARN_OBJC_IMPLICIT_RETAIN_SELF = YES;
				CLANG_WARN_OBJC_LITERAL_CONVERSION = YES;
				CLANG_WARN_OBJC_ROOT_CLASS = YES_ERROR;
				CLANG_WARN_RANGE_LOOP_ANALYSIS = YES;
				CLANG_WARN_STRICT_PROTOTYPES = YES;
				CLANG_WARN_SUSPICIOUS_MOVE = YES;
				CLANG_WARN_UNGUARDED_AVAILABILITY = YES_AGGRESSIVE;
				CLANG_WARN_UNREACHABLE_CODE = YES;
				CLANG_WARN__DUPLICATE_METHOD_MATCH = YES;
				CODE_SIGN_IDENTITY = "iPhone Developer";
				COPY_PHASE_STRIP = NO;
				DEBUG_INFORMATION_FORMAT = "dwarf-with-dsym";
				ENABLE_NS_ASSERTIONS = NO;
				ENABLE_STRICT_OBJC_MSGSEND = YES;
				GCC_C_LANGUAGE_STANDARD = gnu11;
				GCC_NO_COMMON_BLOCKS = YES;
				GCC_WARN_64_TO_32_BIT_CONVERSION = YES;
				GCC_WARN_ABOUT_RETURN_TYPE = YES_ERROR;
				GCC_WARN_UNDECLARED_SELECTOR = YES;
				GCC_WARN_UNINITIALIZED_AUTOS = YES_AGGRESSIVE;
				GCC_WARN_UNUSED_FUNCTION = YES;
				GCC_WARN_UNUSED_VARIABLE = YES;
				IPHONEOS_DEPLOYMENT_TARGET = 11.3;
				MTL_ENABLE_DEBUG_INFO = NO;
				SDKROOT = iphoneos;
				SWIFT_COMPILATION_MODE = wholemodule;
				SWIFT_OPTIMIZATION_LEVEL = "-O";
				VALIDATE_PRODUCT = YES;
			};
			name = Release;
		};
		72365F0D2086E13A00413444 /* Debug */ = {
			isa = XCBuildConfiguration;
			baseConfigurationReference = FB5E2AD197DED0FB8F50B5D6 /* Pods-actio.debug.xcconfig */;
			buildSettings = {
				ASSETCATALOG_COMPILER_APPICON_NAME = AppIcon;
				CODE_SIGN_IDENTITY = "iPhone Developer";
				CODE_SIGN_STYLE = Automatic;
				DEVELOPMENT_TEAM = DFRBG323GF;
				INFOPLIST_FILE = actio/Info.plist;
				IPHONEOS_DEPLOYMENT_TARGET = 11.0;
				LD_RUNPATH_SEARCH_PATHS = (
					"$(inherited)",
					"@executable_path/Frameworks",
				);
				PRODUCT_BUNDLE_IDENTIFIER = com.actio.actio;
				PRODUCT_NAME = "$(TARGET_NAME)";
				PROVISIONING_PROFILE_SPECIFIER = "";
				SWIFT_VERSION = 4.0;
				TARGETED_DEVICE_FAMILY = "1,2";
			};
			name = Debug;
		};
		72365F0E2086E13A00413444 /* Release */ = {
			isa = XCBuildConfiguration;
			baseConfigurationReference = D086CEAB8182912682A35555 /* Pods-actio.release.xcconfig */;
			buildSettings = {
				ASSETCATALOG_COMPILER_APPICON_NAME = AppIcon;
				CODE_SIGN_IDENTITY = "iPhone Developer";
				CODE_SIGN_STYLE = Automatic;
				DEVELOPMENT_TEAM = DFRBG323GF;
				INFOPLIST_FILE = actio/Info.plist;
				IPHONEOS_DEPLOYMENT_TARGET = 11.0;
				LD_RUNPATH_SEARCH_PATHS = (
					"$(inherited)",
					"@executable_path/Frameworks",
				);
				PRODUCT_BUNDLE_IDENTIFIER = com.actio.actio;
				PRODUCT_NAME = "$(TARGET_NAME)";
				PROVISIONING_PROFILE_SPECIFIER = "";
				SWIFT_VERSION = 4.0;
				TARGETED_DEVICE_FAMILY = "1,2";
			};
			name = Release;
		};
		72365F102086E13A00413444 /* Debug */ = {
			isa = XCBuildConfiguration;
			baseConfigurationReference = EA7DFB23336BDDED266260A7 /* Pods-actioTests.debug.xcconfig */;
			buildSettings = {
				ALWAYS_EMBED_SWIFT_STANDARD_LIBRARIES = YES;
				BUNDLE_LOADER = "$(TEST_HOST)";
				CODE_SIGN_STYLE = Automatic;
				INFOPLIST_FILE = actioTests/Info.plist;
				LD_RUNPATH_SEARCH_PATHS = (
					"$(inherited)",
					"@executable_path/Frameworks",
					"@loader_path/Frameworks",
				);
				PRODUCT_BUNDLE_IDENTIFIER = com.actio.actioTests;
				PRODUCT_NAME = "$(TARGET_NAME)";
				SWIFT_VERSION = 4.0;
				TARGETED_DEVICE_FAMILY = "1,2";
				TEST_HOST = "$(BUILT_PRODUCTS_DIR)/actio.app/actio";
			};
			name = Debug;
		};
		72365F112086E13A00413444 /* Release */ = {
			isa = XCBuildConfiguration;
			baseConfigurationReference = C35006963BBF370D661E1468 /* Pods-actioTests.release.xcconfig */;
			buildSettings = {
				ALWAYS_EMBED_SWIFT_STANDARD_LIBRARIES = YES;
				BUNDLE_LOADER = "$(TEST_HOST)";
				CODE_SIGN_STYLE = Automatic;
				INFOPLIST_FILE = actioTests/Info.plist;
				LD_RUNPATH_SEARCH_PATHS = (
					"$(inherited)",
					"@executable_path/Frameworks",
					"@loader_path/Frameworks",
				);
				PRODUCT_BUNDLE_IDENTIFIER = com.actio.actioTests;
				PRODUCT_NAME = "$(TARGET_NAME)";
				SWIFT_VERSION = 4.0;
				TARGETED_DEVICE_FAMILY = "1,2";
				TEST_HOST = "$(BUILT_PRODUCTS_DIR)/actio.app/actio";
			};
			name = Release;
		};
/* End XCBuildConfiguration section */

/* Begin XCConfigurationList section */
		72365EEA2086E13900413444 /* Build configuration list for PBXProject "actio" */ = {
			isa = XCConfigurationList;
			buildConfigurations = (
				72365F0A2086E13A00413444 /* Debug */,
				72365F0B2086E13A00413444 /* Release */,
			);
			defaultConfigurationIsVisible = 0;
			defaultConfigurationName = Release;
		};
		72365F0C2086E13A00413444 /* Build configuration list for PBXNativeTarget "actio" */ = {
			isa = XCConfigurationList;
			buildConfigurations = (
				72365F0D2086E13A00413444 /* Debug */,
				72365F0E2086E13A00413444 /* Release */,
			);
			defaultConfigurationIsVisible = 0;
			defaultConfigurationName = Release;
		};
		72365F0F2086E13A00413444 /* Build configuration list for PBXNativeTarget "actioTests" */ = {
			isa = XCConfigurationList;
			buildConfigurations = (
				72365F102086E13A00413444 /* Debug */,
				72365F112086E13A00413444 /* Release */,
			);
			defaultConfigurationIsVisible = 0;
			defaultConfigurationName = Release;
		};
/* End XCConfigurationList section */
	};
	rootObject = 72365EE72086E13900413444 /* Project object */;
}
